// !$*UTF8*$!
{
	archiveVersion = 1;
	classes = {
	};
	objectVersion = 56;
	objects = {

/* Begin PBXBuildFile section */
		849253CA294393370068D6E0 /* AppDelegate.swift in Sources */ = {isa = PBXBuildFile; fileRef = 849253C9294393370068D6E0 /* AppDelegate.swift */; };
		849253D1294393380068D6E0 /* Main.storyboard in Resources */ = {isa = PBXBuildFile; fileRef = 849253CF294393380068D6E0 /* Main.storyboard */; };
		849253D32943933B0068D6E0 /* Assets.xcassets in Resources */ = {isa = PBXBuildFile; fileRef = 849253D22943933B0068D6E0 /* Assets.xcassets */; };
		849253D62943933B0068D6E0 /* LaunchScreen.storyboard in Resources */ = {isa = PBXBuildFile; fileRef = 849253D42943933B0068D6E0 /* LaunchScreen.storyboard */; };
		849253E12943933C0068D6E0 /* VisitorTests.swift in Sources */ = {isa = PBXBuildFile; fileRef = 849253E02943933C0068D6E0 /* VisitorTests.swift */; };
		849253EB2943933C0068D6E0 /* VisitorUITests.swift in Sources */ = {isa = PBXBuildFile; fileRef = 849253EA2943933C0068D6E0 /* VisitorUITests.swift */; };
		849253ED2943933C0068D6E0 /* VisitorUITestsLaunchTests.swift in Sources */ = {isa = PBXBuildFile; fileRef = 849253EC2943933C0068D6E0 /* VisitorUITestsLaunchTests.swift */; };
		849253FD2943937E0068D6E0 /* VisitorVC.swift in Sources */ = {isa = PBXBuildFile; fileRef = 849253FC2943937E0068D6E0 /* VisitorVC.swift */; };
		84925402294394240068D6E0 /* Component.swift in Sources */ = {isa = PBXBuildFile; fileRef = 84925401294394240068D6E0 /* Component.swift */; };
		84925405294394400068D6E0 /* ConcreteComponentA.swift in Sources */ = {isa = PBXBuildFile; fileRef = 84925404294394400068D6E0 /* ConcreteComponentA.swift */; };
		84925407294394520068D6E0 /* ConcreteComponentB.swift in Sources */ = {isa = PBXBuildFile; fileRef = 84925406294394520068D6E0 /* ConcreteComponentB.swift */; };
		84925409294394670068D6E0 /* Visitor.swift in Sources */ = {isa = PBXBuildFile; fileRef = 84925408294394670068D6E0 /* Visitor.swift */; };
		8492540C2943948C0068D6E0 /* ConcreteVisitor1.swift in Sources */ = {isa = PBXBuildFile; fileRef = 8492540B2943948C0068D6E0 /* ConcreteVisitor1.swift */; };
		8492540E294394990068D6E0 /* ConcreteVisitor2.swift in Sources */ = {isa = PBXBuildFile; fileRef = 8492540D294394990068D6E0 /* ConcreteVisitor2.swift */; };
		84925411294394BB0068D6E0 /* Client.swift in Sources */ = {isa = PBXBuildFile; fileRef = 84925410294394BB0068D6E0 /* Client.swift */; };
		84925414294395690068D6E0 /* Notification.swift in Sources */ = {isa = PBXBuildFile; fileRef = 84925413294395690068D6E0 /* Notification.swift */; };
		84925417294395870068D6E0 /* Email.swift in Sources */ = {isa = PBXBuildFile; fileRef = 84925416294395870068D6E0 /* Email.swift */; };
		849254192943959E0068D6E0 /* SMS.swift in Sources */ = {isa = PBXBuildFile; fileRef = 849254182943959E0068D6E0 /* SMS.swift */; };
		8492541B294395B50068D6E0 /* Push.swift in Sources */ = {isa = PBXBuildFile; fileRef = 8492541A294395B50068D6E0 /* Push.swift */; };
		8492541D294395E00068D6E0 /* NotificationPolicy.swift in Sources */ = {isa = PBXBuildFile; fileRef = 8492541C294395E00068D6E0 /* NotificationPolicy.swift */; };
		84925420294396040068D6E0 /* NightPolicyVisitor.swift in Sources */ = {isa = PBXBuildFile; fileRef = 8492541F294396040068D6E0 /* NightPolicyVisitor.swift */; };
		84925422294396110068D6E0 /* DefaultPolicyVisitor.swift in Sources */ = {isa = PBXBuildFile; fileRef = 84925421294396110068D6E0 /* DefaultPolicyVisitor.swift */; };
		84925424294396210068D6E0 /* BlackListVisitor.swift in Sources */ = {isa = PBXBuildFile; fileRef = 84925423294396210068D6E0 /* BlackListVisitor.swift */; };
/* End PBXBuildFile section */

/* Begin PBXContainerItemProxy section */
		849253DD2943933C0068D6E0 /* PBXContainerItemProxy */ = {
			isa = PBXContainerItemProxy;
			containerPortal = 849253BE294393370068D6E0 /* Project object */;
			proxyType = 1;
			remoteGlobalIDString = 849253C5294393370068D6E0;
			remoteInfo = Visitor;
		};
		849253E72943933C0068D6E0 /* PBXContainerItemProxy */ = {
			isa = PBXContainerItemProxy;
			containerPortal = 849253BE294393370068D6E0 /* Project object */;
			proxyType = 1;
			remoteGlobalIDString = 849253C5294393370068D6E0;
			remoteInfo = Visitor;
		};
/* End PBXContainerItemProxy section */

/* Begin PBXFileReference section */
		849253C6294393370068D6E0 /* Visitor.app */ = {isa = PBXFileReference; explicitFileType = wrapper.application; includeInIndex = 0; path = Visitor.app; sourceTree = BUILT_PRODUCTS_DIR; };
		849253C9294393370068D6E0 /* AppDelegate.swift */ = {isa = PBXFileReference; lastKnownFileType = sourcecode.swift; path = AppDelegate.swift; sourceTree = "<group>"; };
		849253D0294393380068D6E0 /* Base */ = {isa = PBXFileReference; lastKnownFileType = file.storyboard; name = Base; path = Base.lproj/Main.storyboard; sourceTree = "<group>"; };
		849253D22943933B0068D6E0 /* Assets.xcassets */ = {isa = PBXFileReference; lastKnownFileType = folder.assetcatalog; path = Assets.xcassets; sourceTree = "<group>"; };
		849253D52943933B0068D6E0 /* Base */ = {isa = PBXFileReference; lastKnownFileType = file.storyboard; name = Base; path = Base.lproj/LaunchScreen.storyboard; sourceTree = "<group>"; };
		849253D72943933B0068D6E0 /* Info.plist */ = {isa = PBXFileReference; lastKnownFileType = text.plist.xml; path = Info.plist; sourceTree = "<group>"; };
		849253DC2943933C0068D6E0 /* VisitorTests.xctest */ = {isa = PBXFileReference; explicitFileType = wrapper.cfbundle; includeInIndex = 0; path = VisitorTests.xctest; sourceTree = BUILT_PRODUCTS_DIR; };
		849253E02943933C0068D6E0 /* VisitorTests.swift */ = {isa = PBXFileReference; lastKnownFileType = sourcecode.swift; path = VisitorTests.swift; sourceTree = "<group>"; };
		849253E62943933C0068D6E0 /* VisitorUITests.xctest */ = {isa = PBXFileReference; explicitFileType = wrapper.cfbundle; includeInIndex = 0; path = VisitorUITests.xctest; sourceTree = BUILT_PRODUCTS_DIR; };
		849253EA2943933C0068D6E0 /* VisitorUITests.swift */ = {isa = PBXFileReference; lastKnownFileType = sourcecode.swift; path = VisitorUITests.swift; sourceTree = "<group>"; };
		849253EC2943933C0068D6E0 /* VisitorUITestsLaunchTests.swift */ = {isa = PBXFileReference; lastKnownFileType = sourcecode.swift; path = VisitorUITestsLaunchTests.swift; sourceTree = "<group>"; };
		849253FC2943937E0068D6E0 /* VisitorVC.swift */ = {isa = PBXFileReference; lastKnownFileType = sourcecode.swift; path = VisitorVC.swift; sourceTree = "<group>"; };
		84925401294394240068D6E0 /* Component.swift */ = {isa = PBXFileReference; lastKnownFileType = sourcecode.swift; path = Component.swift; sourceTree = "<group>"; };
		84925404294394400068D6E0 /* ConcreteComponentA.swift */ = {isa = PBXFileReference; lastKnownFileType = sourcecode.swift; path = ConcreteComponentA.swift; sourceTree = "<group>"; };
		84925406294394520068D6E0 /* ConcreteComponentB.swift */ = {isa = PBXFileReference; lastKnownFileType = sourcecode.swift; path = ConcreteComponentB.swift; sourceTree = "<group>"; };
		84925408294394670068D6E0 /* Visitor.swift */ = {isa = PBXFileReference; lastKnownFileType = sourcecode.swift; path = Visitor.swift; sourceTree = "<group>"; };
		8492540B2943948C0068D6E0 /* ConcreteVisitor1.swift */ = {isa = PBXFileReference; lastKnownFileType = sourcecode.swift; path = ConcreteVisitor1.swift; sourceTree = "<group>"; };
		8492540D294394990068D6E0 /* ConcreteVisitor2.swift */ = {isa = PBXFileReference; lastKnownFileType = sourcecode.swift; path = ConcreteVisitor2.swift; sourceTree = "<group>"; };
		84925410294394BB0068D6E0 /* Client.swift */ = {isa = PBXFileReference; lastKnownFileType = sourcecode.swift; path = Client.swift; sourceTree = "<group>"; };
		84925413294395690068D6E0 /* Notification.swift */ = {isa = PBXFileReference; lastKnownFileType = sourcecode.swift; path = Notification.swift; sourceTree = "<group>"; };
		84925416294395870068D6E0 /* Email.swift */ = {isa = PBXFileReference; lastKnownFileType = sourcecode.swift; path = Email.swift; sourceTree = "<group>"; };
		849254182943959E0068D6E0 /* SMS.swift */ = {isa = PBXFileReference; lastKnownFileType = sourcecode.swift; path = SMS.swift; sourceTree = "<group>"; };
		8492541A294395B50068D6E0 /* Push.swift */ = {isa = PBXFileReference; lastKnownFileType = sourcecode.swift; path = Push.swift; sourceTree = "<group>"; };
		8492541C294395E00068D6E0 /* NotificationPolicy.swift */ = {isa = PBXFileReference; lastKnownFileType = sourcecode.swift; path = NotificationPolicy.swift; sourceTree = "<group>"; };
		8492541F294396040068D6E0 /* NightPolicyVisitor.swift */ = {isa = PBXFileReference; lastKnownFileType = sourcecode.swift; path = NightPolicyVisitor.swift; sourceTree = "<group>"; };
		84925421294396110068D6E0 /* DefaultPolicyVisitor.swift */ = {isa = PBXFileReference; lastKnownFileType = sourcecode.swift; path = DefaultPolicyVisitor.swift; sourceTree = "<group>"; };
		84925423294396210068D6E0 /* BlackListVisitor.swift */ = {isa = PBXFileReference; lastKnownFileType = sourcecode.swift; path = BlackListVisitor.swift; sourceTree = "<group>"; };
/* End PBXFileReference section */

/* Begin PBXFrameworksBuildPhase section */
		849253C3294393370068D6E0 /* Frameworks */ = {
			isa = PBXFrameworksBuildPhase;
			buildActionMask = 2147483647;
			files = (
			);
			runOnlyForDeploymentPostprocessing = 0;
		};
		849253D92943933C0068D6E0 /* Frameworks */ = {
			isa = PBXFrameworksBuildPhase;
			buildActionMask = 2147483647;
			files = (
			);
			runOnlyForDeploymentPostprocessing = 0;
		};
		849253E32943933C0068D6E0 /* Frameworks */ = {
			isa = PBXFrameworksBuildPhase;
			buildActionMask = 2147483647;
			files = (
			);
			runOnlyForDeploymentPostprocessing = 0;
		};
/* End PBXFrameworksBuildPhase section */

/* Begin PBXGroup section */
		849253BD294393370068D6E0 = {
			isa = PBXGroup;
			children = (
				849253C8294393370068D6E0 /* Visitor */,
				849253DF2943933C0068D6E0 /* VisitorTests */,
				849253E92943933C0068D6E0 /* VisitorUITests */,
				849253C7294393370068D6E0 /* Products */,
			);
			sourceTree = "<group>";
		};
		849253C7294393370068D6E0 /* Products */ = {
			isa = PBXGroup;
			children = (
				849253C6294393370068D6E0 /* Visitor.app */,
				849253DC2943933C0068D6E0 /* VisitorTests.xctest */,
				849253E62943933C0068D6E0 /* VisitorUITests.xctest */,
			);
			name = Products;
			sourceTree = "<group>";
		};
		849253C8294393370068D6E0 /* Visitor */ = {
			isa = PBXGroup;
			children = (
				849253C9294393370068D6E0 /* AppDelegate.swift */,
				849253FF294393CF0068D6E0 /* Example */,
				849253FE294393C70068D6E0 /* Concept */,
				849253FA294393610068D6E0 /* ViewControllers */,
				849253F92943935A0068D6E0 /* Storyboards */,
				849253D22943933B0068D6E0 /* Assets.xcassets */,
				849253D72943933B0068D6E0 /* Info.plist */,
			);
			path = Visitor;
			sourceTree = "<group>";
		};
		849253DF2943933C0068D6E0 /* VisitorTests */ = {
			isa = PBXGroup;
			children = (
				849253E02943933C0068D6E0 /* VisitorTests.swift */,
			);
			path = VisitorTests;
			sourceTree = "<group>";
		};
		849253E92943933C0068D6E0 /* VisitorUITests */ = {
			isa = PBXGroup;
			children = (
				849253EA2943933C0068D6E0 /* VisitorUITests.swift */,
				849253EC2943933C0068D6E0 /* VisitorUITestsLaunchTests.swift */,
			);
			path = VisitorUITests;
			sourceTree = "<group>";
		};
		849253F92943935A0068D6E0 /* Storyboards */ = {
			isa = PBXGroup;
			children = (
				849253CF294393380068D6E0 /* Main.storyboard */,
				849253D42943933B0068D6E0 /* LaunchScreen.storyboard */,
			);
			path = Storyboards;
			sourceTree = "<group>";
		};
		849253FA294393610068D6E0 /* ViewControllers */ = {
			isa = PBXGroup;
			children = (
				849253FB2943936A0068D6E0 /* VisitorVC */,
			);
			path = ViewControllers;
			sourceTree = "<group>";
		};
		849253FB2943936A0068D6E0 /* VisitorVC */ = {
			isa = PBXGroup;
			children = (
				849253FC2943937E0068D6E0 /* VisitorVC.swift */,
			);
			path = VisitorVC;
			sourceTree = "<group>";
		};
		849253FE294393C70068D6E0 /* Concept */ = {
			isa = PBXGroup;
			children = (
				84925400294394160068D6E0 /* Interface */,
				84925403294394300068D6E0 /* Components */,
				8492540A2943947E0068D6E0 /* Visitors */,
				8492540F294394AB0068D6E0 /* Client */,
			);
			path = Concept;
			sourceTree = "<group>";
		};
		849253FF294393CF0068D6E0 /* Example */ = {
			isa = PBXGroup;
			children = (
				84925412294395470068D6E0 /* Interface */,
				84925415294395780068D6E0 /* Structures */,
				8492541E294395F30068D6E0 /* Visitors */,
			);
			path = Example;
			sourceTree = "<group>";
		};
		84925400294394160068D6E0 /* Interface */ = {
			isa = PBXGroup;
			children = (
				84925408294394670068D6E0 /* Visitor.swift */,
				84925401294394240068D6E0 /* Component.swift */,
			);
			path = Interface;
			sourceTree = "<group>";
		};
		84925403294394300068D6E0 /* Components */ = {
			isa = PBXGroup;
			children = (
				84925404294394400068D6E0 /* ConcreteComponentA.swift */,
				84925406294394520068D6E0 /* ConcreteComponentB.swift */,
			);
			path = Components;
			sourceTree = "<group>";
		};
		8492540A2943947E0068D6E0 /* Visitors */ = {
			isa = PBXGroup;
			children = (
				8492540B2943948C0068D6E0 /* ConcreteVisitor1.swift */,
				8492540D294394990068D6E0 /* ConcreteVisitor2.swift */,
			);
			path = Visitors;
			sourceTree = "<group>";
		};
		8492540F294394AB0068D6E0 /* Client */ = {
			isa = PBXGroup;
			children = (
				84925410294394BB0068D6E0 /* Client.swift */,
			);
			path = Client;
			sourceTree = "<group>";
		};
		84925412294395470068D6E0 /* Interface */ = {
			isa = PBXGroup;
			children = (
				84925413294395690068D6E0 /* Notification.swift */,
				8492541C294395E00068D6E0 /* NotificationPolicy.swift */,
			);
			path = Interface;
			sourceTree = "<group>";
		};
		84925415294395780068D6E0 /* Structures */ = {
			isa = PBXGroup;
			children = (
				84925416294395870068D6E0 /* Email.swift */,
				849254182943959E0068D6E0 /* SMS.swift */,
				8492541A294395B50068D6E0 /* Push.swift */,
			);
			path = Structures;
			sourceTree = "<group>";
		};
		8492541E294395F30068D6E0 /* Visitors */ = {
			isa = PBXGroup;
			children = (
				8492541F294396040068D6E0 /* NightPolicyVisitor.swift */,
				84925421294396110068D6E0 /* DefaultPolicyVisitor.swift */,
				84925423294396210068D6E0 /* BlackListVisitor.swift */,
			);
			path = Visitors;
			sourceTree = "<group>";
		};
/* End PBXGroup section */

/* Begin PBXNativeTarget section */
		849253C5294393370068D6E0 /* Visitor */ = {
			isa = PBXNativeTarget;
			buildConfigurationList = 849253F02943933C0068D6E0 /* Build configuration list for PBXNativeTarget "Visitor" */;
			buildPhases = (
				849253C2294393370068D6E0 /* Sources */,
				849253C3294393370068D6E0 /* Frameworks */,
				849253C4294393370068D6E0 /* Resources */,
			);
			buildRules = (
			);
			dependencies = (
			);
			name = Visitor;
			productName = Visitor;
			productReference = 849253C6294393370068D6E0 /* Visitor.app */;
			productType = "com.apple.product-type.application";
		};
		849253DB2943933C0068D6E0 /* VisitorTests */ = {
			isa = PBXNativeTarget;
			buildConfigurationList = 849253F32943933C0068D6E0 /* Build configuration list for PBXNativeTarget "VisitorTests" */;
			buildPhases = (
				849253D82943933C0068D6E0 /* Sources */,
				849253D92943933C0068D6E0 /* Frameworks */,
				849253DA2943933C0068D6E0 /* Resources */,
			);
			buildRules = (
			);
			dependencies = (
				849253DE2943933C0068D6E0 /* PBXTargetDependency */,
			);
			name = VisitorTests;
			productName = VisitorTests;
			productReference = 849253DC2943933C0068D6E0 /* VisitorTests.xctest */;
			productType = "com.apple.product-type.bundle.unit-test";
		};
		849253E52943933C0068D6E0 /* VisitorUITests */ = {
			isa = PBXNativeTarget;
			buildConfigurationList = 849253F62943933C0068D6E0 /* Build configuration list for PBXNativeTarget "VisitorUITests" */;
			buildPhases = (
				849253E22943933C0068D6E0 /* Sources */,
				849253E32943933C0068D6E0 /* Frameworks */,
				849253E42943933C0068D6E0 /* Resources */,
			);
			buildRules = (
			);
			dependencies = (
				849253E82943933C0068D6E0 /* PBXTargetDependency */,
			);
			name = VisitorUITests;
			productName = VisitorUITests;
			productReference = 849253E62943933C0068D6E0 /* VisitorUITests.xctest */;
			productType = "com.apple.product-type.bundle.ui-testing";
		};
/* End PBXNativeTarget section */

/* Begin PBXProject section */
		849253BE294393370068D6E0 /* Project object */ = {
			isa = PBXProject;
			attributes = {
				BuildIndependentTargetsInParallel = 1;
				LastSwiftUpdateCheck = 1400;
				LastUpgradeCheck = 1400;
				TargetAttributes = {
					849253C5294393370068D6E0 = {
						CreatedOnToolsVersion = 14.0.1;
					};
					849253DB2943933C0068D6E0 = {
						CreatedOnToolsVersion = 14.0.1;
						TestTargetID = 849253C5294393370068D6E0;
					};
					849253E52943933C0068D6E0 = {
						CreatedOnToolsVersion = 14.0.1;
						TestTargetID = 849253C5294393370068D6E0;
					};
				};
			};
			buildConfigurationList = 849253C1294393370068D6E0 /* Build configuration list for PBXProject "Visitor" */;
			compatibilityVersion = "Xcode 14.0";
			developmentRegion = en;
			hasScannedForEncodings = 0;
			knownRegions = (
				en,
				Base,
			);
			mainGroup = 849253BD294393370068D6E0;
			productRefGroup = 849253C7294393370068D6E0 /* Products */;
			projectDirPath = "";
			projectRoot = "";
			targets = (
				849253C5294393370068D6E0 /* Visitor */,
				849253DB2943933C0068D6E0 /* VisitorTests */,
				849253E52943933C0068D6E0 /* VisitorUITests */,
			);
		};
/* End PBXProject section */

/* Begin PBXResourcesBuildPhase section */
		849253C4294393370068D6E0 /* Resources */ = {
			isa = PBXResourcesBuildPhase;
			buildActionMask = 2147483647;
			files = (
				849253D62943933B0068D6E0 /* LaunchScreen.storyboard in Resources */,
				849253D32943933B0068D6E0 /* Assets.xcassets in Resources */,
				849253D1294393380068D6E0 /* Main.storyboard in Resources */,
			);
			runOnlyForDeploymentPostprocessing = 0;
		};
		849253DA2943933C0068D6E0 /* Resources */ = {
			isa = PBXResourcesBuildPhase;
			buildActionMask = 2147483647;
			files = (
			);
			runOnlyForDeploymentPostprocessing = 0;
		};
		849253E42943933C0068D6E0 /* Resources */ = {
			isa = PBXResourcesBuildPhase;
			buildActionMask = 2147483647;
			files = (
			);
			runOnlyForDeploymentPostprocessing = 0;
		};
/* End PBXResourcesBuildPhase section */

/* Begin PBXSourcesBuildPhase section */
		849253C2294393370068D6E0 /* Sources */ = {
			isa = PBXSourcesBuildPhase;
			buildActionMask = 2147483647;
			files = (
				849253CA294393370068D6E0 /* AppDelegate.swift in Sources */,
				84925402294394240068D6E0 /* Component.swift in Sources */,
				8492541D294395E00068D6E0 /* NotificationPolicy.swift in Sources */,
				84925405294394400068D6E0 /* ConcreteComponentA.swift in Sources */,
				849254192943959E0068D6E0 /* SMS.swift in Sources */,
				849253FD2943937E0068D6E0 /* VisitorVC.swift in Sources */,
				84925417294395870068D6E0 /* Email.swift in Sources */,
				8492540C2943948C0068D6E0 /* ConcreteVisitor1.swift in Sources */,
				84925409294394670068D6E0 /* Visitor.swift in Sources */,
				84925424294396210068D6E0 /* BlackListVisitor.swift in Sources */,
				8492541B294395B50068D6E0 /* Push.swift in Sources */,
				84925422294396110068D6E0 /* DefaultPolicyVisitor.swift in Sources */,
				84925414294395690068D6E0 /* Notification.swift in Sources */,
				8492540E294394990068D6E0 /* ConcreteVisitor2.swift in Sources */,
				84925420294396040068D6E0 /* NightPolicyVisitor.swift in Sources */,
				84925407294394520068D6E0 /* ConcreteComponentB.swift in Sources */,
				84925411294394BB0068D6E0 /* Client.swift in Sources */,
			);
			runOnlyForDeploymentPostprocessing = 0;
		};
		849253D82943933C0068D6E0 /* Sources */ = {
			isa = PBXSourcesBuildPhase;
			buildActionMask = 2147483647;
			files = (
				849253E12943933C0068D6E0 /* VisitorTests.swift in Sources */,
			);
			runOnlyForDeploymentPostprocessing = 0;
		};
		849253E22943933C0068D6E0 /* Sources */ = {
			isa = PBXSourcesBuildPhase;
			buildActionMask = 2147483647;
			files = (
				849253EB2943933C0068D6E0 /* VisitorUITests.swift in Sources */,
				849253ED2943933C0068D6E0 /* VisitorUITestsLaunchTests.swift in Sources */,
			);
			runOnlyForDeploymentPostprocessing = 0;
		};
/* End PBXSourcesBuildPhase section */

/* Begin PBXTargetDependency section */
		849253DE2943933C0068D6E0 /* PBXTargetDependency */ = {
			isa = PBXTargetDependency;
			target = 849253C5294393370068D6E0 /* Visitor */;
			targetProxy = 849253DD2943933C0068D6E0 /* PBXContainerItemProxy */;
		};
		849253E82943933C0068D6E0 /* PBXTargetDependency */ = {
			isa = PBXTargetDependency;
			target = 849253C5294393370068D6E0 /* Visitor */;
			targetProxy = 849253E72943933C0068D6E0 /* PBXContainerItemProxy */;
		};
/* End PBXTargetDependency section */

/* Begin PBXVariantGroup section */
		849253CF294393380068D6E0 /* Main.storyboard */ = {
			isa = PBXVariantGroup;
			children = (
				849253D0294393380068D6E0 /* Base */,
			);
			name = Main.storyboard;
			sourceTree = "<group>";
		};
		849253D42943933B0068D6E0 /* LaunchScreen.storyboard */ = {
			isa = PBXVariantGroup;
			children = (
				849253D52943933B0068D6E0 /* Base */,
			);
			name = LaunchScreen.storyboard;
			sourceTree = "<group>";
		};
/* End PBXVariantGroup section */

/* Begin XCBuildConfiguration section */
		849253EE2943933C0068D6E0 /* Debug */ = {
			isa = XCBuildConfiguration;
			buildSettings = {
				ALWAYS_SEARCH_USER_PATHS = NO;
				CLANG_ANALYZER_NONNULL = YES;
				CLANG_ANALYZER_NUMBER_OBJECT_CONVERSION = YES_AGGRESSIVE;
				CLANG_CXX_LANGUAGE_STANDARD = "gnu++20";
				CLANG_ENABLE_MODULES = YES;
				CLANG_ENABLE_OBJC_ARC = YES;
				CLANG_ENABLE_OBJC_WEAK = YES;
				CLANG_WARN_BLOCK_CAPTURE_AUTORELEASING = YES;
				CLANG_WARN_BOOL_CONVERSION = YES;
				CLANG_WARN_COMMA = YES;
				CLANG_WARN_CONSTANT_CONVERSION = YES;
				CLANG_WARN_DEPRECATED_OBJC_IMPLEMENTATIONS = YES;
				CLANG_WARN_DIRECT_OBJC_ISA_USAGE = YES_ERROR;
				CLANG_WARN_DOCUMENTATION_COMMENTS = YES;
				CLANG_WARN_EMPTY_BODY = YES;
				CLANG_WARN_ENUM_CONVERSION = YES;
				CLANG_WARN_INFINITE_RECURSION = YES;
				CLANG_WARN_INT_CONVERSION = YES;
				CLANG_WARN_NON_LITERAL_NULL_CONVERSION = YES;
				CLANG_WARN_OBJC_IMPLICIT_RETAIN_SELF = YES;
				CLANG_WARN_OBJC_LITERAL_CONVERSION = YES;
				CLANG_WARN_OBJC_ROOT_CLASS = YES_ERROR;
				CLANG_WARN_QUOTED_INCLUDE_IN_FRAMEWORK_HEADER = YES;
				CLANG_WARN_RANGE_LOOP_ANALYSIS = YES;
				CLANG_WARN_STRICT_PROTOTYPES = YES;
				CLANG_WARN_SUSPICIOUS_MOVE = YES;
				CLANG_WARN_UNGUARDED_AVAILABILITY = YES_AGGRESSIVE;
				CLANG_WARN_UNREACHABLE_CODE = YES;
				CLANG_WARN__DUPLICATE_METHOD_MATCH = YES;
				COPY_PHASE_STRIP = NO;
				DEBUG_INFORMATION_FORMAT = dwarf;
				ENABLE_STRICT_OBJC_MSGSEND = YES;
				ENABLE_TESTABILITY = YES;
				GCC_C_LANGUAGE_STANDARD = gnu11;
				GCC_DYNAMIC_NO_PIC = NO;
				GCC_NO_COMMON_BLOCKS = YES;
				GCC_OPTIMIZATION_LEVEL = 0;
				GCC_PREPROCESSOR_DEFINITIONS = (
					"DEBUG=1",
					"$(inherited)",
				);
				GCC_WARN_64_TO_32_BIT_CONVERSION = YES;
				GCC_WARN_ABOUT_RETURN_TYPE = YES_ERROR;
				GCC_WARN_UNDECLARED_SELECTOR = YES;
				GCC_WARN_UNINITIALIZED_AUTOS = YES_AGGRESSIVE;
				GCC_WARN_UNUSED_FUNCTION = YES;
				GCC_WARN_UNUSED_VARIABLE = YES;
				IPHONEOS_DEPLOYMENT_TARGET = 16.0;
				MTL_ENABLE_DEBUG_INFO = INCLUDE_SOURCE;
				MTL_FAST_MATH = YES;
				ONLY_ACTIVE_ARCH = YES;
				SDKROOT = iphoneos;
				SWIFT_ACTIVE_COMPILATION_CONDITIONS = DEBUG;
				SWIFT_OPTIMIZATION_LEVEL = "-Onone";
			};
			name = Debug;
		};
		849253EF2943933C0068D6E0 /* Release */ = {
			isa = XCBuildConfiguration;
			buildSettings = {
				ALWAYS_SEARCH_USER_PATHS = NO;
				CLANG_ANALYZER_NONNULL = YES;
				CLANG_ANALYZER_NUMBER_OBJECT_CONVERSION = YES_AGGRESSIVE;
				CLANG_CXX_LANGUAGE_STANDARD = "gnu++20";
				CLANG_ENABLE_MODULES = YES;
				CLANG_ENABLE_OBJC_ARC = YES;
				CLANG_ENABLE_OBJC_WEAK = YES;
				CLANG_WARN_BLOCK_CAPTURE_AUTORELEASING = YES;
				CLANG_WARN_BOOL_CONVERSION = YES;
				CLANG_WARN_COMMA = YES;
				CLANG_WARN_CONSTANT_CONVERSION = YES;
				CLANG_WARN_DEPRECATED_OBJC_IMPLEMENTATIONS = YES;
				CLANG_WARN_DIRECT_OBJC_ISA_USAGE = YES_ERROR;
				CLANG_WARN_DOCUMENTATION_COMMENTS = YES;
				CLANG_WARN_EMPTY_BODY = YES;
				CLANG_WARN_ENUM_CONVERSION = YES;
				CLANG_WARN_INFINITE_RECURSION = YES;
				CLANG_WARN_INT_CONVERSION = YES;
				CLANG_WARN_NON_LITERAL_NULL_CONVERSION = YES;
				CLANG_WARN_OBJC_IMPLICIT_RETAIN_SELF = YES;
				CLANG_WARN_OBJC_LITERAL_CONVERSION = YES;
				CLANG_WARN_OBJC_ROOT_CLASS = YES_ERROR;
				CLANG_WARN_QUOTED_INCLUDE_IN_FRAMEWORK_HEADER = YES;
				CLANG_WARN_RANGE_LOOP_ANALYSIS = YES;
				CLANG_WARN_STRICT_PROTOTYPES = YES;
				CLANG_WARN_SUSPICIOUS_MOVE = YES;
				CLANG_WARN_UNGUARDED_AVAILABILITY = YES_AGGRESSIVE;
				CLANG_WARN_UNREACHABLE_CODE = YES;
				CLANG_WARN__DUPLICATE_METHOD_MATCH = YES;
				COPY_PHASE_STRIP = NO;
				DEBUG_INFORMATION_FORMAT = "dwarf-with-dsym";
				ENABLE_NS_ASSERTIONS = NO;
				ENABLE_STRICT_OBJC_MSGSEND = YES;
				GCC_C_LANGUAGE_STANDARD = gnu11;
				GCC_NO_COMMON_BLOCKS = YES;
				GCC_WARN_64_TO_32_BIT_CONVERSION = YES;
				GCC_WARN_ABOUT_RETURN_TYPE = YES_ERROR;
				GCC_WARN_UNDECLARED_SELECTOR = YES;
				GCC_WARN_UNINITIALIZED_AUTOS = YES_AGGRESSIVE;
				GCC_WARN_UNUSED_FUNCTION = YES;
				GCC_WARN_UNUSED_VARIABLE = YES;
				IPHONEOS_DEPLOYMENT_TARGET = 16.0;
				MTL_ENABLE_DEBUG_INFO = NO;
				MTL_FAST_MATH = YES;
				SDKROOT = iphoneos;
				SWIFT_COMPILATION_MODE = wholemodule;
				SWIFT_OPTIMIZATION_LEVEL = "-O";
				VALIDATE_PRODUCT = YES;
			};
			name = Release;
		};
		849253F12943933C0068D6E0 /* Debug */ = {
			isa = XCBuildConfiguration;
			buildSettings = {
				ASSETCATALOG_COMPILER_APPICON_NAME = AppIcon;
				ASSETCATALOG_COMPILER_GLOBAL_ACCENT_COLOR_NAME = AccentColor;
				CODE_SIGN_STYLE = Automatic;
				CURRENT_PROJECT_VERSION = 1;
				DEVELOPMENT_TEAM = N4M3759P9C;
				GENERATE_INFOPLIST_FILE = YES;
				INFOPLIST_FILE = Visitor/Info.plist;
				INFOPLIST_KEY_UIApplicationSupportsIndirectInputEvents = YES;
				INFOPLIST_KEY_UILaunchStoryboardName = LaunchScreen;
				INFOPLIST_KEY_UIMainStoryboardFile = Main;
				INFOPLIST_KEY_UISupportedInterfaceOrientations = UIInterfaceOrientationPortrait;
				LD_RUNPATH_SEARCH_PATHS = (
					"$(inherited)",
					"@executable_path/Frameworks",
				);
				MARKETING_VERSION = 1.0;
				PRODUCT_BUNDLE_IDENTIFIER = com.Visitor;
				PRODUCT_NAME = "$(TARGET_NAME)";
				SUPPORTED_PLATFORMS = "iphoneos iphonesimulator";
				SUPPORTS_MACCATALYST = NO;
				SUPPORTS_MAC_DESIGNED_FOR_IPHONE_IPAD = NO;
				SWIFT_EMIT_LOC_STRINGS = YES;
				SWIFT_VERSION = 5.0;
				TARGETED_DEVICE_FAMILY = 1;
			};
			name = Debug;
		};
		849253F22943933C0068D6E0 /* Release */ = {
			isa = XCBuildConfiguration;
			buildSettings = {
				ASSETCATALOG_COMPILER_APPICON_NAME = AppIcon;
				ASSETCATALOG_COMPILER_GLOBAL_ACCENT_COLOR_NAME = AccentColor;
				CODE_SIGN_STYLE = Automatic;
				CURRENT_PROJECT_VERSION = 1;
				DEVELOPMENT_TEAM = N4M3759P9C;
				GENERATE_INFOPLIST_FILE = YES;
				INFOPLIST_FILE = Visitor/Info.plist;
				INFOPLIST_KEY_UIApplicationSupportsIndirectInputEvents = YES;
				INFOPLIST_KEY_UILaunchStoryboardName = LaunchScreen;
				INFOPLIST_KEY_UIMainStoryboardFile = Main;
				INFOPLIST_KEY_UISupportedInterfaceOrientations = UIInterfaceOrientationPortrait;
				LD_RUNPATH_SEARCH_PATHS = (
					"$(inherited)",
					"@executable_path/Frameworks",
				);
				MARKETING_VERSION = 1.0;
				PRODUCT_BUNDLE_IDENTIFIER = com.Visitor;
				PRODUCT_NAME = "$(TARGET_NAME)";
				SUPPORTED_PLATFORMS = "iphoneos iphonesimulator";
				SUPPORTS_MACCATALYST = NO;
				SUPPORTS_MAC_DESIGNED_FOR_IPHONE_IPAD = NO;
				SWIFT_EMIT_LOC_STRINGS = YES;
				SWIFT_VERSION = 5.0;
				TARGETED_DEVICE_FAMILY = 1;
			};
			name = Release;
		};
		849253F42943933C0068D6E0 /* Debug */ = {
			isa = XCBuildConfiguration;
			buildSettings = {
				ALWAYS_EMBED_SWIFT_STANDARD_LIBRARIES = YES;
				BUNDLE_LOADER = "$(TEST_HOST)";
				CODE_SIGN_STYLE = Automatic;
				CURRENT_PROJECT_VERSION = 1;
				DEVELOPMENT_TEAM = N4M3759P9C;
				GENERATE_INFOPLIST_FILE = YES;
				IPHONEOS_DEPLOYMENT_TARGET = 16.0;
				MARKETING_VERSION = 1.0;
				PRODUCT_BUNDLE_IDENTIFIER = com.VisitorTests;
				PRODUCT_NAME = "$(TARGET_NAME)";
				SWIFT_EMIT_LOC_STRINGS = NO;
				SWIFT_VERSION = 5.0;
				TARGETED_DEVICE_FAMILY = "1,2";
				TEST_HOST = "$(BUILT_PRODUCTS_DIR)/Visitor.app/$(BUNDLE_EXECUTABLE_FOLDER_PATH)/Visitor";
			};
			name = Debug;
		};
		849253F52943933C0068D6E0 /* Release */ = {
			isa = XCBuildConfiguration;
			buildSettings = {
				ALWAYS_EMBED_SWIFT_STANDARD_LIBRARIES = YES;
				BUNDLE_LOADER = "$(TEST_HOST)";
				CODE_SIGN_STYLE = Automatic;
				CURRENT_PROJECT_VERSION = 1;
				DEVELOPMENT_TEAM = N4M3759P9C;
				GENERATE_INFOPLIST_FILE = YES;
				IPHONEOS_DEPLOYMENT_TARGET = 16.0;
				MARKETING_VERSION = 1.0;
				PRODUCT_BUNDLE_IDENTIFIER = com.VisitorTests;
				PRODUCT_NAME = "$(TARGET_NAME)";
				SWIFT_EMIT_LOC_STRINGS = NO;
				SWIFT_VERSION = 5.0;
				TARGETED_DEVICE_FAMILY = "1,2";
				TEST_HOST = "$(BUILT_PRODUCTS_DIR)/Visitor.app/$(BUNDLE_EXECUTABLE_FOLDER_PATH)/Visitor";
			};
			name = Release;
		};
		849253F72943933C0068D6E0 /* Debug */ = {
			isa = XCBuildConfiguration;
			buildSettings = {
				ALWAYS_EMBED_SWIFT_STANDARD_LIBRARIES = YES;
				CODE_SIGN_STYLE = Automatic;
				CURRENT_PROJECT_VERSION = 1;
				DEVELOPMENT_TEAM = N4M3759P9C;
				GENERATE_INFOPLIST_FILE = YES;
				MARKETING_VERSION = 1.0;
				PRODUCT_BUNDLE_IDENTIFIER = com.VisitorUITests;
				PRODUCT_NAME = "$(TARGET_NAME)";
				SWIFT_EMIT_LOC_STRINGS = NO;
				SWIFT_VERSION = 5.0;
				TARGETED_DEVICE_FAMILY = "1,2";
				TEST_TARGET_NAME = Visitor;
			};
			name = Debug;
		};
		849253F82943933C0068D6E0 /* Release */ = {
			isa = XCBuildConfiguration;
			buildSettings = {
				ALWAYS_EMBED_SWIFT_STANDARD_LIBRARIES = YES;
				CODE_SIGN_STYLE = Automatic;
				CURRENT_PROJECT_VERSION = 1;
				DEVELOPMENT_TEAM = N4M3759P9C;
				GENERATE_INFOPLIST_FILE = YES;
				MARKETING_VERSION = 1.0;
				PRODUCT_BUNDLE_IDENTIFIER = com.VisitorUITests;
				PRODUCT_NAME = "$(TARGET_NAME)";
				SWIFT_EMIT_LOC_STRINGS = NO;
				SWIFT_VERSION = 5.0;
				TARGETED_DEVICE_FAMILY = "1,2";
				TEST_TARGET_NAME = Visitor;
			};
			name = Release;
		};
/* End XCBuildConfiguration section */

/* Begin XCConfigurationList section */
		849253C1294393370068D6E0 /* Build configuration list for PBXProject "Visitor" */ = {
			isa = XCConfigurationList;
			buildConfigurations = (
				849253EE2943933C0068D6E0 /* Debug */,
				849253EF2943933C0068D6E0 /* Release */,
			);
			defaultConfigurationIsVisible = 0;
			defaultConfigurationName = Release;
		};
		849253F02943933C0068D6E0 /* Build configuration list for PBXNativeTarget "Visitor" */ = {
			isa = XCConfigurationList;
			buildConfigurations = (
				849253F12943933C0068D6E0 /* Debug */,
				849253F22943933C0068D6E0 /* Release */,
			);
			defaultConfigurationIsVisible = 0;
			defaultConfigurationName = Release;
		};
		849253F32943933C0068D6E0 /* Build configuration list for PBXNativeTarget "VisitorTests" */ = {
			isa = XCConfigurationList;
			buildConfigurations = (
				849253F42943933C0068D6E0 /* Debug */,
				849253F52943933C0068D6E0 /* Release */,
			);
			defaultConfigurationIsVisible = 0;
			defaultConfigurationName = Release;
		};
		849253F62943933C0068D6E0 /* Build configuration list for PBXNativeTarget "VisitorUITests" */ = {
			isa = XCConfigurationList;
			buildConfigurations = (
				849253F72943933C0068D6E0 /* Debug */,
				849253F82943933C0068D6E0 /* Release */,
			);
			defaultConfigurationIsVisible = 0;
			defaultConfigurationName = Release;
		};
/* End XCConfigurationList section */
	};
	rootObject = 849253BE294393370068D6E0 /* Project object */;
}
